
Microsoft Visual Studio Solution File, Format Version 12.00
# Visual Studio Version 16
VisualStudioVersion = 16.0.28803.202
MinimumVisualStudioVersion = 10.0.40219.1
Project("{9A19103F-16F7-4668-BE54-9A1E7A4F7556}") = "ActiveDirectory.Core.TestFramwork", "TestFramwork\ActiveDirectory.Core.TestFramwork.csproj", "{7356DB22-6ADC-4C3D-A356-BD702FA2A7D1}"
EndProject
Project("{9A19103F-16F7-4668-BE54-9A1E7A4F7556}") = "ActiveDirectory.Core.TestSuite", "ActiveDirectory.Core.TestSuite\ActiveDirectory.Core.TestSuite.csproj", "{FF15B310-453A-401E-991B-480C4E6A1A16}"
EndProject
Project("{9A19103F-16F7-4668-BE54-9A1E7A4F7556}") = "ActiveDirectory.NETStandard", "ActiveDirectory.NETStandard\ActiveDirectory.NETStandard.csproj", "{DB05ED9D-0DAD-4523-86E4-67250FC40D42}"
EndProject
Global
	GlobalSection(SolutionConfigurationPlatforms) = preSolution
		Debug|Any CPU = Debug|Any CPU
		Release|Any CPU = Release|Any CPU
	EndGlobalSection
	GlobalSection(ProjectConfigurationPlatforms) = postSolution
		{7356DB22-6ADC-4C3D-A356-BD702FA2A7D1}.Debug|Any CPU.ActiveCfg = Debug|Any CPU
		{7356DB22-6ADC-4C3D-A356-BD702FA2A7D1}.Debug|Any CPU.Build.0 = Debug|Any CPU
		{7356DB22-6ADC-4C3D-A356-BD702FA2A7D1}.Release|Any CPU.ActiveCfg = Release|Any CPU
		{7356DB22-6ADC-4C3D-A356-BD702FA2A7D1}.Release|Any CPU.Build.0 = Release|Any CPU
		{FF15B310-453A-401E-991B-480C4E6A1A16}.Debug|Any CPU.ActiveCfg = Debug|Any CPU
		{FF15B310-453A-401E-991B-480C4E6A1A16}.Debug|Any CPU.Build.0 = Debug|Any CPU
		{FF15B310-453A-401E-991B-480C4E6A1A16}.Release|Any CPU.ActiveCfg = Release|Any CPU
		{FF15B310-453A-401E-991B-480C4E6A1A16}.Release|Any CPU.Build.0 = Release|Any CPU
		{DB05ED9D-0DAD-4523-86E4-67250FC40D42}.Debug|Any CPU.ActiveCfg = Debug|Any CPU
		{DB05ED9D-0DAD-4523-86E4-67250FC40D42}.Debug|Any CPU.Build.0 = Debug|Any CPU
		{DB05ED9D-0DAD-4523-86E4-67250FC40D42}.Release|Any CPU.ActiveCfg = Release|Any CPU
		{DB05ED9D-0DAD-4523-86E4-67250FC40D42}.Release|Any CPU.Build.0 = Release|Any CPU
	EndGlobalSection
	GlobalSection(SolutionProperties) = preSolution
		HideSolutionNode = FALSE
	EndGlobalSection
	GlobalSection(ExtensibilityGlobals) = postSolution
		SolutionGuid = {55A9382C-97C3-49A2-9421-6DBE2EF90674}
	EndGlobalSection
EndGlobal
